// !$*UTF8*$!
{
	archiveVersion = 1;
	classes = {
	};
	objectVersion = 55;
	objects = {

/* Begin PBXBuildFile section */
		6F3F99E528BF32B5007CD3BC /* ResultClassifier.mlmodel in Sources */ = {isa = PBXBuildFile; fileRef = 6F3F99E428BF32B5007CD3BC /* ResultClassifier.mlmodel */; };
		6FAB9D9328BC8DE0001663CB /* AppDelegate.swift in Sources */ = {isa = PBXBuildFile; fileRef = 6FAB9D9228BC8DE0001663CB /* AppDelegate.swift */; };
		6FAB9D9528BC8DE0001663CB /* SceneDelegate.swift in Sources */ = {isa = PBXBuildFile; fileRef = 6FAB9D9428BC8DE0001663CB /* SceneDelegate.swift */; };
		6FAB9D9728BC8DE0001663CB /* MainViewController.swift in Sources */ = {isa = PBXBuildFile; fileRef = 6FAB9D9628BC8DE0001663CB /* MainViewController.swift */; };
		6FAB9D9C28BC8DE3001663CB /* Assets.xcassets in Resources */ = {isa = PBXBuildFile; fileRef = 6FAB9D9B28BC8DE3001663CB /* Assets.xcassets */; };
		6FB570EA28BDE34F00F97A9F /* GameViewController.swift in Sources */ = {isa = PBXBuildFile; fileRef = 6FB570E928BDE34F00F97A9F /* GameViewController.swift */; };
		6FE106DF28BC9BE100236F06 /* MainCollectionViewCell.swift in Sources */ = {isa = PBXBuildFile; fileRef = 6FE106DE28BC9BE100236F06 /* MainCollectionViewCell.swift */; };
		6FE9DBE428BF2900005FB406 /* GameCollectionViewCell.swift in Sources */ = {isa = PBXBuildFile; fileRef = 6FE9DBE328BF2900005FB406 /* GameCollectionViewCell.swift */; };
		6FF3602E28BCA2D000093F5F /* GameList.json in Resources */ = {isa = PBXBuildFile; fileRef = 6FF3602D28BCA2D000093F5F /* GameList.json */; };
		6FF3603228BCAAF500093F5F /* Game.swift in Sources */ = {isa = PBXBuildFile; fileRef = 6FF3603128BCAAF500093F5F /* Game.swift */; };
/* End PBXBuildFile section */

/* Begin PBXContainerItemProxy section */
		6FAB9DA628BC8DE3001663CB /* PBXContainerItemProxy */ = {
			isa = PBXContainerItemProxy;
			containerPortal = 6FAB9D8728BC8DE0001663CB /* Project object */;
			proxyType = 1;
			remoteGlobalIDString = 6FAB9D8E28BC8DE0001663CB;
			remoteInfo = HallofRhythm;
		};
		6FAB9DB028BC8DE3001663CB /* PBXContainerItemProxy */ = {
			isa = PBXContainerItemProxy;
			containerPortal = 6FAB9D8728BC8DE0001663CB /* Project object */;
			proxyType = 1;
			remoteGlobalIDString = 6FAB9D8E28BC8DE0001663CB;
			remoteInfo = HallofRhythm;
		};
/* End PBXContainerItemProxy section */

/* Begin PBXFileReference section */
		6F3F99E428BF32B5007CD3BC /* ResultClassifier.mlmodel */ = {isa = PBXFileReference; lastKnownFileType = file.mlmodel; path = ResultClassifier.mlmodel; sourceTree = "<group>"; };
		6FAB9D8F28BC8DE0001663CB /* HallofRhythm.app */ = {isa = PBXFileReference; explicitFileType = wrapper.application; includeInIndex = 0; path = HallofRhythm.app; sourceTree = BUILT_PRODUCTS_DIR; };
		6FAB9D9228BC8DE0001663CB /* AppDelegate.swift */ = {isa = PBXFileReference; lastKnownFileType = sourcecode.swift; path = AppDelegate.swift; sourceTree = "<group>"; };
		6FAB9D9428BC8DE0001663CB /* SceneDelegate.swift */ = {isa = PBXFileReference; lastKnownFileType = sourcecode.swift; path = SceneDelegate.swift; sourceTree = "<group>"; };
		6FAB9D9628BC8DE0001663CB /* MainViewController.swift */ = {isa = PBXFileReference; lastKnownFileType = sourcecode.swift; path = MainViewController.swift; sourceTree = "<group>"; };
		6FAB9D9B28BC8DE3001663CB /* Assets.xcassets */ = {isa = PBXFileReference; lastKnownFileType = folder.assetcatalog; path = Assets.xcassets; sourceTree = "<group>"; };
		6FAB9DA028BC8DE3001663CB /* Info.plist */ = {isa = PBXFileReference; lastKnownFileType = text.plist.xml; path = Info.plist; sourceTree = "<group>"; };
		6FAB9DA528BC8DE3001663CB /* HallofRhythmTests.xctest */ = {isa = PBXFileReference; explicitFileType = wrapper.cfbundle; includeInIndex = 0; path = HallofRhythmTests.xctest; sourceTree = BUILT_PRODUCTS_DIR; };
		6FAB9DAF28BC8DE3001663CB /* HallofRhythmUITests.xctest */ = {isa = PBXFileReference; explicitFileType = wrapper.cfbundle; includeInIndex = 0; path = HallofRhythmUITests.xctest; sourceTree = BUILT_PRODUCTS_DIR; };
		6FB570E928BDE34F00F97A9F /* GameViewController.swift */ = {isa = PBXFileReference; lastKnownFileType = sourcecode.swift; path = GameViewController.swift; sourceTree = "<group>"; };
		6FE106DE28BC9BE100236F06 /* MainCollectionViewCell.swift */ = {isa = PBXFileReference; lastKnownFileType = sourcecode.swift; path = MainCollectionViewCell.swift; sourceTree = "<group>"; };
		6FE9DBE328BF2900005FB406 /* GameCollectionViewCell.swift */ = {isa = PBXFileReference; lastKnownFileType = sourcecode.swift; path = GameCollectionViewCell.swift; sourceTree = "<group>"; };
		6FF3602D28BCA2D000093F5F /* GameList.json */ = {isa = PBXFileReference; lastKnownFileType = text.json; path = GameList.json; sourceTree = "<group>"; };
		6FF3603128BCAAF500093F5F /* Game.swift */ = {isa = PBXFileReference; lastKnownFileType = sourcecode.swift; path = Game.swift; sourceTree = "<group>"; };
/* End PBXFileReference section */

/* Begin PBXFrameworksBuildPhase section */
		6FAB9D8C28BC8DE0001663CB /* Frameworks */ = {
			isa = PBXFrameworksBuildPhase;
			buildActionMask = 2147483647;
			files = (
			);
			runOnlyForDeploymentPostprocessing = 0;
		};
		6FAB9DA228BC8DE3001663CB /* Frameworks */ = {
			isa = PBXFrameworksBuildPhase;
			buildActionMask = 2147483647;
			files = (
			);
			runOnlyForDeploymentPostprocessing = 0;
		};
		6FAB9DAC28BC8DE3001663CB /* Frameworks */ = {
			isa = PBXFrameworksBuildPhase;
			buildActionMask = 2147483647;
			files = (
			);
			runOnlyForDeploymentPostprocessing = 0;
		};
/* End PBXFrameworksBuildPhase section */

/* Begin PBXGroup section */
		6FAB9D8628BC8DE0001663CB = {
			isa = PBXGroup;
			children = (
				6FAB9D9128BC8DE0001663CB /* HallofRhythm */,
				6FAB9D9028BC8DE0001663CB /* Products */,
			);
			sourceTree = "<group>";
		};
		6FAB9D9028BC8DE0001663CB /* Products */ = {
			isa = PBXGroup;
			children = (
				6FAB9D8F28BC8DE0001663CB /* HallofRhythm.app */,
				6FAB9DA528BC8DE3001663CB /* HallofRhythmTests.xctest */,
				6FAB9DAF28BC8DE3001663CB /* HallofRhythmUITests.xctest */,
			);
			name = Products;
			sourceTree = "<group>";
		};
		6FAB9D9128BC8DE0001663CB /* HallofRhythm */ = {
			isa = PBXGroup;
			children = (
				6FB570EB28BDF34F00F97A9F /* Detail */,
				6FDABD0028BDDB9F00C38231 /* Main */,
				6FF3602C28BCA2A900093F5F /* Data */,
				6FAB9D9228BC8DE0001663CB /* AppDelegate.swift */,
				6FAB9D9428BC8DE0001663CB /* SceneDelegate.swift */,
				6F3F99E428BF32B5007CD3BC /* ResultClassifier.mlmodel */,
				6FAB9D9B28BC8DE3001663CB /* Assets.xcassets */,
				6FAB9DA028BC8DE3001663CB /* Info.plist */,
			);
			path = HallofRhythm;
			sourceTree = "<group>";
		};
		6FB570EB28BDF34F00F97A9F /* Detail */ = {
			isa = PBXGroup;
			children = (
				6FB570E928BDE34F00F97A9F /* GameViewController.swift */,
				6FE9DBE328BF2900005FB406 /* GameCollectionViewCell.swift */,
			);
			path = Detail;
			sourceTree = "<group>";
		};
		6FDABD0028BDDB9F00C38231 /* Main */ = {
			isa = PBXGroup;
			children = (
				6FAB9D9628BC8DE0001663CB /* MainViewController.swift */,
				6FE106DE28BC9BE100236F06 /* MainCollectionViewCell.swift */,
			);
			path = Main;
			sourceTree = "<group>";
		};
		6FF3602C28BCA2A900093F5F /* Data */ = {
			isa = PBXGroup;
			children = (
				6FF3602D28BCA2D000093F5F /* GameList.json */,
				6FF3603128BCAAF500093F5F /* Game.swift */,
			);
			path = Data;
			sourceTree = "<group>";
		};
/* End PBXGroup section */

/* Begin PBXNativeTarget section */
		6FAB9D8E28BC8DE0001663CB /* HallofRhythm */ = {
			isa = PBXNativeTarget;
			buildConfigurationList = 6FAB9DB928BC8DE3001663CB /* Build configuration list for PBXNativeTarget "HallofRhythm" */;
			buildPhases = (
				6FAB9D8B28BC8DE0001663CB /* Sources */,
				6FAB9D8C28BC8DE0001663CB /* Frameworks */,
				6FAB9D8D28BC8DE0001663CB /* Resources */,
			);
			buildRules = (
			);
			dependencies = (
			);
			name = HallofRhythm;
			productName = HallofRhythm;
			productReference = 6FAB9D8F28BC8DE0001663CB /* HallofRhythm.app */;
			productType = "com.apple.product-type.application";
		};
		6FAB9DA428BC8DE3001663CB /* HallofRhythmTests */ = {
			isa = PBXNativeTarget;
			buildConfigurationList = 6FAB9DBC28BC8DE3001663CB /* Build configuration list for PBXNativeTarget "HallofRhythmTests" */;
			buildPhases = (
				6FAB9DA128BC8DE3001663CB /* Sources */,
				6FAB9DA228BC8DE3001663CB /* Frameworks */,
				6FAB9DA328BC8DE3001663CB /* Resources */,
			);
			buildRules = (
			);
			dependencies = (
				6FAB9DA728BC8DE3001663CB /* PBXTargetDependency */,
			);
			name = HallofRhythmTests;
			productName = HallofRhythmTests;
			productReference = 6FAB9DA528BC8DE3001663CB /* HallofRhythmTests.xctest */;
			productType = "com.apple.product-type.bundle.unit-test";
		};
		6FAB9DAE28BC8DE3001663CB /* HallofRhythmUITests */ = {
			isa = PBXNativeTarget;
			buildConfigurationList = 6FAB9DBF28BC8DE3001663CB /* Build configuration list for PBXNativeTarget "HallofRhythmUITests" */;
			buildPhases = (
				6FAB9DAB28BC8DE3001663CB /* Sources */,
				6FAB9DAC28BC8DE3001663CB /* Frameworks */,
				6FAB9DAD28BC8DE3001663CB /* Resources */,
			);
			buildRules = (
			);
			dependencies = (
				6FAB9DB128BC8DE3001663CB /* PBXTargetDependency */,
			);
			name = HallofRhythmUITests;
			productName = HallofRhythmUITests;
			productReference = 6FAB9DAF28BC8DE3001663CB /* HallofRhythmUITests.xctest */;
			productType = "com.apple.product-type.bundle.ui-testing";
		};
/* End PBXNativeTarget section */

/* Begin PBXProject section */
		6FAB9D8728BC8DE0001663CB /* Project object */ = {
			isa = PBXProject;
			attributes = {
				BuildIndependentTargetsInParallel = 1;
				LastSwiftUpdateCheck = 1340;
				LastUpgradeCheck = 1340;
				TargetAttributes = {
					6FAB9D8E28BC8DE0001663CB = {
						CreatedOnToolsVersion = 13.4.1;
					};
					6FAB9DA428BC8DE3001663CB = {
						CreatedOnToolsVersion = 13.4.1;
						TestTargetID = 6FAB9D8E28BC8DE0001663CB;
					};
					6FAB9DAE28BC8DE3001663CB = {
						CreatedOnToolsVersion = 13.4.1;
						TestTargetID = 6FAB9D8E28BC8DE0001663CB;
					};
				};
			};
			buildConfigurationList = 6FAB9D8A28BC8DE0001663CB /* Build configuration list for PBXProject "HallofRhythm" */;
			compatibilityVersion = "Xcode 13.0";
			developmentRegion = en;
			hasScannedForEncodings = 0;
			knownRegions = (
				en,
				Base,
			);
			mainGroup = 6FAB9D8628BC8DE0001663CB;
			productRefGroup = 6FAB9D9028BC8DE0001663CB /* Products */;
			projectDirPath = "";
			projectRoot = "";
			targets = (
				6FAB9D8E28BC8DE0001663CB /* HallofRhythm */,
				6FAB9DA428BC8DE3001663CB /* HallofRhythmTests */,
				6FAB9DAE28BC8DE3001663CB /* HallofRhythmUITests */,
			);
		};
/* End PBXProject section */

/* Begin PBXResourcesBuildPhase section */
		6FAB9D8D28BC8DE0001663CB /* Resources */ = {
			isa = PBXResourcesBuildPhase;
			buildActionMask = 2147483647;
			files = (
				6FAB9D9C28BC8DE3001663CB /* Assets.xcassets in Resources */,
				6FF3602E28BCA2D000093F5F /* GameList.json in Resources */,
			);
			runOnlyForDeploymentPostprocessing = 0;
		};
		6FAB9DA328BC8DE3001663CB /* Resources */ = {
			isa = PBXResourcesBuildPhase;
			buildActionMask = 2147483647;
			files = (
			);
			runOnlyForDeploymentPostprocessing = 0;
		};
		6FAB9DAD28BC8DE3001663CB /* Resources */ = {
			isa = PBXResourcesBuildPhase;
			buildActionMask = 2147483647;
			files = (
			);
			runOnlyForDeploymentPostprocessing = 0;
		};
/* End PBXResourcesBuildPhase section */

/* Begin PBXSourcesBuildPhase section */
		6FAB9D8B28BC8DE0001663CB /* Sources */ = {
			isa = PBXSourcesBuildPhase;
			buildActionMask = 2147483647;
			files = (
				6FAB9D9728BC8DE0001663CB /* MainViewController.swift in Sources */,
				6FF3603228BCAAF500093F5F /* Game.swift in Sources */,
				6FAB9D9328BC8DE0001663CB /* AppDelegate.swift in Sources */,
				6FE9DBE428BF2900005FB406 /* GameCollectionViewCell.swift in Sources */,
				6F3F99E528BF32B5007CD3BC /* ResultClassifier.mlmodel in Sources */,
				6FAB9D9528BC8DE0001663CB /* SceneDelegate.swift in Sources */,
				6FB570EA28BDE34F00F97A9F /* GameViewController.swift in Sources */,
				6FE106DF28BC9BE100236F06 /* MainCollectionViewCell.swift in Sources */,
			);
			runOnlyForDeploymentPostprocessing = 0;
		};
		6FAB9DA128BC8DE3001663CB /* Sources */ = {
			isa = PBXSourcesBuildPhase;
			buildActionMask = 2147483647;
			files = (
			);
			runOnlyForDeploymentPostprocessing = 0;
		};
		6FAB9DAB28BC8DE3001663CB /* Sources */ = {
			isa = PBXSourcesBuildPhase;
			buildActionMask = 2147483647;
			files = (
			);
			runOnlyForDeploymentPostprocessing = 0;
		};
/* End PBXSourcesBuildPhase section */

/* Begin PBXTargetDependency section */
		6FAB9DA728BC8DE3001663CB /* PBXTargetDependency */ = {
			isa = PBXTargetDependency;
			target = 6FAB9D8E28BC8DE0001663CB /* HallofRhythm */;
			targetProxy = 6FAB9DA628BC8DE3001663CB /* PBXContainerItemProxy */;
		};
		6FAB9DB128BC8DE3001663CB /* PBXTargetDependency */ = {
			isa = PBXTargetDependency;
			target = 6FAB9D8E28BC8DE0001663CB /* HallofRhythm */;
			targetProxy = 6FAB9DB028BC8DE3001663CB /* PBXContainerItemProxy */;
		};
/* End PBXTargetDependency section */

/* Begin XCBuildConfiguration section */
		6FAB9DB728BC8DE3001663CB /* Debug */ = {
			isa = XCBuildConfiguration;
			buildSettings = {
				ALWAYS_SEARCH_USER_PATHS = NO;
				CLANG_ANALYZER_NONNULL = YES;
				CLANG_ANALYZER_NUMBER_OBJECT_CONVERSION = YES_AGGRESSIVE;
				CLANG_CXX_LANGUAGE_STANDARD = "gnu++17";
				CLANG_ENABLE_MODULES = YES;
				CLANG_ENABLE_OBJC_ARC = YES;
				CLANG_ENABLE_OBJC_WEAK = YES;
				CLANG_WARN_BLOCK_CAPTURE_AUTORELEASING = YES;
				CLANG_WARN_BOOL_CONVERSION = YES;
				CLANG_WARN_COMMA = YES;
				CLANG_WARN_CONSTANT_CONVERSION = YES;
				CLANG_WARN_DEPRECATED_OBJC_IMPLEMENTATIONS = YES;
				CLANG_WARN_DIRECT_OBJC_ISA_USAGE = YES_ERROR;
				CLANG_WARN_DOCUMENTATION_COMMENTS = YES;
				CLANG_WARN_EMPTY_BODY = YES;
				CLANG_WARN_ENUM_CONVERSION = YES;
				CLANG_WARN_INFINITE_RECURSION = YES;
				CLANG_WARN_INT_CONVERSION = YES;
				CLANG_WARN_NON_LITERAL_NULL_CONVERSION = YES;
				CLANG_WARN_OBJC_IMPLICIT_RETAIN_SELF = YES;
				CLANG_WARN_OBJC_LITERAL_CONVERSION = YES;
				CLANG_WARN_OBJC_ROOT_CLASS = YES_ERROR;
				CLANG_WARN_QUOTED_INCLUDE_IN_FRAMEWORK_HEADER = YES;
				CLANG_WARN_RANGE_LOOP_ANALYSIS = YES;
				CLANG_WARN_STRICT_PROTOTYPES = YES;
				CLANG_WARN_SUSPICIOUS_MOVE = YES;
				CLANG_WARN_UNGUARDED_AVAILABILITY = YES_AGGRESSIVE;
				CLANG_WARN_UNREACHABLE_CODE = YES;
				CLANG_WARN__DUPLICATE_METHOD_MATCH = YES;
				COPY_PHASE_STRIP = NO;
				DEBUG_INFORMATION_FORMAT = dwarf;
				ENABLE_STRICT_OBJC_MSGSEND = YES;
				ENABLE_TESTABILITY = YES;
				GCC_C_LANGUAGE_STANDARD = gnu11;
				GCC_DYNAMIC_NO_PIC = NO;
				GCC_NO_COMMON_BLOCKS = YES;
				GCC_OPTIMIZATION_LEVEL = 0;
				GCC_PREPROCESSOR_DEFINITIONS = (
					"DEBUG=1",
					"$(inherited)",
				);
				GCC_WARN_64_TO_32_BIT_CONVERSION = YES;
				GCC_WARN_ABOUT_RETURN_TYPE = YES_ERROR;
				GCC_WARN_UNDECLARED_SELECTOR = YES;
				GCC_WARN_UNINITIALIZED_AUTOS = YES_AGGRESSIVE;
				GCC_WARN_UNUSED_FUNCTION = YES;
				GCC_WARN_UNUSED_VARIABLE = YES;
				IPHONEOS_DEPLOYMENT_TARGET = 15.5;
				MTL_ENABLE_DEBUG_INFO = INCLUDE_SOURCE;
				MTL_FAST_MATH = YES;
				ONLY_ACTIVE_ARCH = YES;
				SDKROOT = iphoneos;
				SWIFT_ACTIVE_COMPILATION_CONDITIONS = DEBUG;
				SWIFT_OPTIMIZATION_LEVEL = "-Onone";
			};
			name = Debug;
		};
		6FAB9DB828BC8DE3001663CB /* Release */ = {
			isa = XCBuildConfiguration;
			buildSettings = {
				ALWAYS_SEARCH_USER_PATHS = NO;
				CLANG_ANALYZER_NONNULL = YES;
				CLANG_ANALYZER_NUMBER_OBJECT_CONVERSION = YES_AGGRESSIVE;
				CLANG_CXX_LANGUAGE_STANDARD = "gnu++17";
				CLANG_ENABLE_MODULES = YES;
				CLANG_ENABLE_OBJC_ARC = YES;
				CLANG_ENABLE_OBJC_WEAK = YES;
				CLANG_WARN_BLOCK_CAPTURE_AUTORELEASING = YES;
				CLANG_WARN_BOOL_CONVERSION = YES;
				CLANG_WARN_COMMA = YES;
				CLANG_WARN_CONSTANT_CONVERSION = YES;
				CLANG_WARN_DEPRECATED_OBJC_IMPLEMENTATIONS = YES;
				CLANG_WARN_DIRECT_OBJC_ISA_USAGE = YES_ERROR;
				CLANG_WARN_DOCUMENTATION_COMMENTS = YES;
				CLANG_WARN_EMPTY_BODY = YES;
				CLANG_WARN_ENUM_CONVERSION = YES;
				CLANG_WARN_INFINITE_RECURSION = YES;
				CLANG_WARN_INT_CONVERSION = YES;
				CLANG_WARN_NON_LITERAL_NULL_CONVERSION = YES;
				CLANG_WARN_OBJC_IMPLICIT_RETAIN_SELF = YES;
				CLANG_WARN_OBJC_LITERAL_CONVERSION = YES;
				CLANG_WARN_OBJC_ROOT_CLASS = YES_ERROR;
				CLANG_WARN_QUOTED_INCLUDE_IN_FRAMEWORK_HEADER = YES;
				CLANG_WARN_RANGE_LOOP_ANALYSIS = YES;
				CLANG_WARN_STRICT_PROTOTYPES = YES;
				CLANG_WARN_SUSPICIOUS_MOVE = YES;
				CLANG_WARN_UNGUARDED_AVAILABILITY = YES_AGGRESSIVE;
				CLANG_WARN_UNREACHABLE_CODE = YES;
				CLANG_WARN__DUPLICATE_METHOD_MATCH = YES;
				COPY_PHASE_STRIP = NO;
				DEBUG_INFORMATION_FORMAT = "dwarf-with-dsym";
				ENABLE_NS_ASSERTIONS = NO;
				ENABLE_STRICT_OBJC_MSGSEND = YES;
				GCC_C_LANGUAGE_STANDARD = gnu11;
				GCC_NO_COMMON_BLOCKS = YES;
				GCC_WARN_64_TO_32_BIT_CONVERSION = YES;
				GCC_WARN_ABOUT_RETURN_TYPE = YES_ERROR;
				GCC_WARN_UNDECLARED_SELECTOR = YES;
				GCC_WARN_UNINITIALIZED_AUTOS = YES_AGGRESSIVE;
				GCC_WARN_UNUSED_FUNCTION = YES;
				GCC_WARN_UNUSED_VARIABLE = YES;
				IPHONEOS_DEPLOYMENT_TARGET = 15.5;
				MTL_ENABLE_DEBUG_INFO = NO;
				MTL_FAST_MATH = YES;
				SDKROOT = iphoneos;
				SWIFT_COMPILATION_MODE = wholemodule;
				SWIFT_OPTIMIZATION_LEVEL = "-O";
				VALIDATE_PRODUCT = YES;
			};
			name = Release;
		};
		6FAB9DBA28BC8DE3001663CB /* Debug */ = {
			isa = XCBuildConfiguration;
			buildSettings = {
				ASSETCATALOG_COMPILER_APPICON_NAME = AppIcon;
				ASSETCATALOG_COMPILER_GLOBAL_ACCENT_COLOR_NAME = AccentColor;
				CODE_SIGN_STYLE = Automatic;
				CURRENT_PROJECT_VERSION = 1;
				DEVELOPMENT_TEAM = 2K43262B89;
				GENERATE_INFOPLIST_FILE = YES;
				INFOPLIST_FILE = HallofRhythm/Info.plist;
				INFOPLIST_KEY_UIApplicationSupportsIndirectInputEvents = YES;
				INFOPLIST_KEY_UILaunchStoryboardName = LaunchScreen;
				INFOPLIST_KEY_UISupportedInterfaceOrientations_iPad = "UIInterfaceOrientationPortrait UIInterfaceOrientationPortraitUpsideDown UIInterfaceOrientationLandscapeLeft UIInterfaceOrientationLandscapeRight";
				INFOPLIST_KEY_UISupportedInterfaceOrientations_iPhone = "UIInterfaceOrientationPortrait UIInterfaceOrientationLandscapeLeft UIInterfaceOrientationLandscapeRight";
				LD_RUNPATH_SEARCH_PATHS = (
					"$(inherited)",
					"@executable_path/Frameworks",
				);
				MARKETING_VERSION = 1.0;
				PRODUCT_BUNDLE_IDENTIFIER = com.mize.HallofRhythm;
				PRODUCT_NAME = "$(TARGET_NAME)";
				SWIFT_EMIT_LOC_STRINGS = YES;
				SWIFT_VERSION = 5.0;
				TARGETED_DEVICE_FAMILY = "1,2";
			};
			name = Debug;
		};
		6FAB9DBB28BC8DE3001663CB /* Release */ = {
			isa = XCBuildConfiguration;
			buildSettings = {
				ASSETCATALOG_COMPILER_APPICON_NAME = AppIcon;
				ASSETCATALOG_COMPILER_GLOBAL_ACCENT_COLOR_NAME = AccentColor;
				CODE_SIGN_STYLE = Automatic;
				CURRENT_PROJECT_VERSION = 1;
				DEVELOPMENT_TEAM = 2K43262B89;
				GENERATE_INFOPLIST_FILE = YES;
				INFOPLIST_FILE = HallofRhythm/Info.plist;
				INFOPLIST_KEY_UIApplicationSupportsIndirectInputEvents = YES;
				INFOPLIST_KEY_UILaunchStoryboardName = LaunchScreen;
				INFOPLIST_KEY_UISupportedInterfaceOrientations_iPad = "UIInterfaceOrientationPortrait UIInterfaceOrientationPortraitUpsideDown UIInterfaceOrientationLandscapeLeft UIInterfaceOrientationLandscapeRight";
				INFOPLIST_KEY_UISupportedInterfaceOrientations_iPhone = "UIInterfaceOrientationPortrait UIInterfaceOrientationLandscapeLeft UIInterfaceOrientationLandscapeRight";
				LD_RUNPATH_SEARCH_PATHS = (
					"$(inherited)",
					"@executable_path/Frameworks",
				);
				MARKETING_VERSION = 1.0;
				PRODUCT_BUNDLE_IDENTIFIER = com.mize.HallofRhythm;
				PRODUCT_NAME = "$(TARGET_NAME)";
				SWIFT_EMIT_LOC_STRINGS = YES;
				SWIFT_VERSION = 5.0;
				TARGETED_DEVICE_FAMILY = "1,2";
			};
			name = Release;
		};
		6FAB9DBD28BC8DE3001663CB /* Debug */ = {
			isa = XCBuildConfiguration;
			buildSettings = {
				ALWAYS_EMBED_SWIFT_STANDARD_LIBRARIES = YES;
				BUNDLE_LOADER = "$(TEST_HOST)";
				CODE_SIGN_STYLE = Automatic;
				CURRENT_PROJECT_VERSION = 1;
				DEVELOPMENT_TEAM = 2K43262B89;
				GENERATE_INFOPLIST_FILE = YES;
				IPHONEOS_DEPLOYMENT_TARGET = 15.5;
				MARKETING_VERSION = 1.0;
				PRODUCT_BUNDLE_IDENTIFIER = com.mize.HallofRhythmTests;
				PRODUCT_NAME = "$(TARGET_NAME)";
				SWIFT_EMIT_LOC_STRINGS = NO;
				SWIFT_VERSION = 5.0;
				TARGETED_DEVICE_FAMILY = "1,2";
				TEST_HOST = "$(BUILT_PRODUCTS_DIR)/HallofRhythm.app/HallofRhythm";
			};
			name = Debug;
		};
		6FAB9DBE28BC8DE3001663CB /* Release */ = {
			isa = XCBuildConfiguration;
			buildSettings = {
				ALWAYS_EMBED_SWIFT_STANDARD_LIBRARIES = YES;
				BUNDLE_LOADER = "$(TEST_HOST)";
				CODE_SIGN_STYLE = Automatic;
				CURRENT_PROJECT_VERSION = 1;
				DEVELOPMENT_TEAM = 2K43262B89;
				GENERATE_INFOPLIST_FILE = YES;
				IPHONEOS_DEPLOYMENT_TARGET = 15.5;
				MARKETING_VERSION = 1.0;
				PRODUCT_BUNDLE_IDENTIFIER = com.mize.HallofRhythmTests;
				PRODUCT_NAME = "$(TARGET_NAME)";
				SWIFT_EMIT_LOC_STRINGS = NO;
				SWIFT_VERSION = 5.0;
				TARGETED_DEVICE_FAMILY = "1,2";
				TEST_HOST = "$(BUILT_PRODUCTS_DIR)/HallofRhythm.app/HallofRhythm";
			};
			name = Release;
		};
		6FAB9DC028BC8DE3001663CB /* Debug */ = {
			isa = XCBuildConfiguration;
			buildSettings = {
				ALWAYS_EMBED_SWIFT_STANDARD_LIBRARIES = YES;
				CODE_SIGN_STYLE = Automatic;
				CURRENT_PROJECT_VERSION = 1;
				DEVELOPMENT_TEAM = 2K43262B89;
				GENERATE_INFOPLIST_FILE = YES;
				MARKETING_VERSION = 1.0;
				PRODUCT_BUNDLE_IDENTIFIER = com.mize.HallofRhythmUITests;
				PRODUCT_NAME = "$(TARGET_NAME)";
				SWIFT_EMIT_LOC_STRINGS = NO;
				SWIFT_VERSION = 5.0;
				TARGETED_DEVICE_FAMILY = "1,2";
				TEST_TARGET_NAME = HallofRhythm;
			};
			name = Debug;
		};
		6FAB9DC128BC8DE3001663CB /* Release */ = {
			isa = XCBuildConfiguration;
			buildSettings = {
				ALWAYS_EMBED_SWIFT_STANDARD_LIBRARIES = YES;
				CODE_SIGN_STYLE = Automatic;
				CURRENT_PROJECT_VERSION = 1;
				DEVELOPMENT_TEAM = 2K43262B89;
				GENERATE_INFOPLIST_FILE = YES;
				MARKETING_VERSION = 1.0;
				PRODUCT_BUNDLE_IDENTIFIER = com.mize.HallofRhythmUITests;
				PRODUCT_NAME = "$(TARGET_NAME)";
				SWIFT_EMIT_LOC_STRINGS = NO;
				SWIFT_VERSION = 5.0;
				TARGETED_DEVICE_FAMILY = "1,2";
				TEST_TARGET_NAME = HallofRhythm;
			};
			name = Release;
		};
/* End XCBuildConfiguration section */

/* Begin XCConfigurationList section */
		6FAB9D8A28BC8DE0001663CB /* Build configuration list for PBXProject "HallofRhythm" */ = {
			isa = XCConfigurationList;
			buildConfigurations = (
				6FAB9DB728BC8DE3001663CB /* Debug */,
				6FAB9DB828BC8DE3001663CB /* Release */,
			);
			defaultConfigurationIsVisible = 0;
			defaultConfigurationName = Release;
		};
		6FAB9DB928BC8DE3001663CB /* Build configuration list for PBXNativeTarget "HallofRhythm" */ = {
			isa = XCConfigurationList;
			buildConfigurations = (
				6FAB9DBA28BC8DE3001663CB /* Debug */,
				6FAB9DBB28BC8DE3001663CB /* Release */,
			);
			defaultConfigurationIsVisible = 0;
			defaultConfigurationName = Release;
		};
		6FAB9DBC28BC8DE3001663CB /* Build configuration list for PBXNativeTarget "HallofRhythmTests" */ = {
			isa = XCConfigurationList;
			buildConfigurations = (
				6FAB9DBD28BC8DE3001663CB /* Debug */,
				6FAB9DBE28BC8DE3001663CB /* Release */,
			);
			defaultConfigurationIsVisible = 0;
			defaultConfigurationName = Release;
		};
		6FAB9DBF28BC8DE3001663CB /* Build configuration list for PBXNativeTarget "HallofRhythmUITests" */ = {
			isa = XCConfigurationList;
			buildConfigurations = (
				6FAB9DC028BC8DE3001663CB /* Debug */,
				6FAB9DC128BC8DE3001663CB /* Release */,
			);
			defaultConfigurationIsVisible = 0;
			defaultConfigurationName = Release;
		};
/* End XCConfigurationList section */
	};
	rootObject = 6FAB9D8728BC8DE0001663CB /* Project object */;
}
